
Microsoft Visual Studio Solution File, Format Version 12.00
# Visual Studio 2013
VisualStudioVersion = 12.0.21005.1
MinimumVisualStudioVersion = 10.0.40219.1
Project("{FAE04EC0-301F-11D3-BF4B-00C04F79EFBC}") = "UnityVS.Boom.CSharp", "UnityVS.Boom.CSharp.csproj", "{4689AADF-07A4-D455-1993-27FBBC684BC1}"
EndProject
Project("{FAE04EC0-301F-11D3-BF4B-00C04F79EFBC}") = "UnityVS.Boom.CSharp.Plugins", "UnityVS.Boom.CSharp.Plugins.csproj", "{BE399210-9E36-A394-83BB-A87CB71DFE94}"
EndProject
Project("{FAE04EC0-301F-11D3-BF4B-00C04F79EFBC}") = "UnityVS.Boom.CSharp.Editor", "UnityVS.Boom.CSharp.Editor.csproj", "{16A7A6FD-893A-7FE7-9A7E-9B8D9BC50C89}"
EndProject
Global
	GlobalSection(SolutionConfigurationPlatforms) = preSolution
		Debug|Any CPU = Debug|Any CPU
		Release|Any CPU = Release|Any CPU
	EndGlobalSection
	GlobalSection(ProjectConfigurationPlatforms) = postSolution
		{4689AADF-07A4-D455-1993-27FBBC684BC1}.Debug|Any CPU.ActiveCfg = Debug|Any CPU
		{4689AADF-07A4-D455-1993-27FBBC684BC1}.Debug|Any CPU.Build.0 = Debug|Any CPU
		{4689AADF-07A4-D455-1993-27FBBC684BC1}.Release|Any CPU.ActiveCfg = Release|Any CPU
		{4689AADF-07A4-D455-1993-27FBBC684BC1}.Release|Any CPU.Build.0 = Release|Any CPU
		{BE399210-9E36-A394-83BB-A87CB71DFE94}.Debug|Any CPU.ActiveCfg = Debug|Any CPU
		{BE399210-9E36-A394-83BB-A87CB71DFE94}.Debug|Any CPU.Build.0 = Debug|Any CPU
		{BE399210-9E36-A394-83BB-A87CB71DFE94}.Release|Any CPU.ActiveCfg = Release|Any CPU
		{BE399210-9E36-A394-83BB-A87CB71DFE94}.Release|Any CPU.Build.0 = Release|Any CPU
		{16A7A6FD-893A-7FE7-9A7E-9B8D9BC50C89}.Debug|Any CPU.ActiveCfg = Debug|Any CPU
		{16A7A6FD-893A-7FE7-9A7E-9B8D9BC50C89}.Debug|Any CPU.Build.0 = Debug|Any CPU
		{16A7A6FD-893A-7FE7-9A7E-9B8D9BC50C89}.Release|Any CPU.ActiveCfg = Release|Any CPU
		{16A7A6FD-893A-7FE7-9A7E-9B8D9BC50C89}.Release|Any CPU.Build.0 = Release|Any CPU
	EndGlobalSection
	GlobalSection(SolutionProperties) = preSolution
		HideSolutionNode = FALSE
	EndGlobalSection
EndGlobal
